// !$*UTF8*$!
{
	archiveVersion = 1;
	classes = {
	};
	objectVersion = 46;
	objects = {

/* Begin PBXBuildFile section */
		98F1C719BA920A73FF5FD0F8 /* Pods_HelloWorld.framework in Frameworks */ = {isa = PBXBuildFile; fileRef = D5E3867A3E90FE114CFA10F8 /* Pods_HelloWorld.framework */; };
		CFA67CA61DD8EC9F00C9BF96 /* AppDelegate.swift in Sources */ = {isa = PBXBuildFile; fileRef = CFA67CA51DD8EC9F00C9BF96 /* AppDelegate.swift */; };
		CFA67CA81DD8EC9F00C9BF96 /* ViewController.swift in Sources */ = {isa = PBXBuildFile; fileRef = CFA67CA71DD8EC9F00C9BF96 /* ViewController.swift */; };
		CFA67CAB1DD8EC9F00C9BF96 /* Main.storyboard in Resources */ = {isa = PBXBuildFile; fileRef = CFA67CA91DD8EC9F00C9BF96 /* Main.storyboard */; };
		CFA67CAD1DD8EC9F00C9BF96 /* Assets.xcassets in Resources */ = {isa = PBXBuildFile; fileRef = CFA67CAC1DD8EC9F00C9BF96 /* Assets.xcassets */; };
		CFA67CB01DD8EC9F00C9BF96 /* LaunchScreen.storyboard in Resources */ = {isa = PBXBuildFile; fileRef = CFA67CAE1DD8EC9F00C9BF96 /* LaunchScreen.storyboard */; };
/* End PBXBuildFile section */

/* Begin PBXFileReference section */
		09E3FB0DFB7892217936C470 /* Pods-HelloWorld.debug.xcconfig */ = {isa = PBXFileReference; includeInIndex = 1; lastKnownFileType = text.xcconfig; name = "Pods-HelloWorld.debug.xcconfig"; path = "Pods/Target Support Files/Pods-HelloWorld/Pods-HelloWorld.debug.xcconfig"; sourceTree = "<group>"; };
		515C86F1CDEA140BD8266FB5 /* Pods-HelloWorld.release.xcconfig */ = {isa = PBXFileReference; includeInIndex = 1; lastKnownFileType = text.xcconfig; name = "Pods-HelloWorld.release.xcconfig"; path = "Pods/Target Support Files/Pods-HelloWorld/Pods-HelloWorld.release.xcconfig"; sourceTree = "<group>"; };
		CFA67CA21DD8EC9F00C9BF96 /* HelloWorld.app */ = {isa = PBXFileReference; explicitFileType = wrapper.application; includeInIndex = 0; path = HelloWorld.app; sourceTree = BUILT_PRODUCTS_DIR; };
		CFA67CA51DD8EC9F00C9BF96 /* AppDelegate.swift */ = {isa = PBXFileReference; lastKnownFileType = sourcecode.swift; path = AppDelegate.swift; sourceTree = "<group>"; };
		CFA67CA71DD8EC9F00C9BF96 /* ViewController.swift */ = {isa = PBXFileReference; lastKnownFileType = sourcecode.swift; path = ViewController.swift; sourceTree = "<group>"; };
		CFA67CAA1DD8EC9F00C9BF96 /* Base */ = {isa = PBXFileReference; lastKnownFileType = file.storyboard; name = Base; path = Base.lproj/Main.storyboard; sourceTree = "<group>"; };
		CFA67CAC1DD8EC9F00C9BF96 /* Assets.xcassets */ = {isa = PBXFileReference; lastKnownFileType = folder.assetcatalog; path = Assets.xcassets; sourceTree = "<group>"; };
		CFA67CAF1DD8EC9F00C9BF96 /* Base */ = {isa = PBXFileReference; lastKnownFileType = file.storyboard; name = Base; path = Base.lproj/LaunchScreen.storyboard; sourceTree = "<group>"; };
		CFA67CB11DD8EC9F00C9BF96 /* Info.plist */ = {isa = PBXFileReference; lastKnownFileType = text.plist.xml; path = Info.plist; sourceTree = "<group>"; };
		D5E3867A3E90FE114CFA10F8 /* Pods_HelloWorld.framework */ = {isa = PBXFileReference; explicitFileType = wrapper.framework; includeInIndex = 0; path = Pods_HelloWorld.framework; sourceTree = BUILT_PRODUCTS_DIR; };
/* End PBXFileReference section */

/* Begin PBXFrameworksBuildPhase section */
		CFA67C9F1DD8EC9E00C9BF96 /* Frameworks */ = {
			isa = PBXFrameworksBuildPhase;
			buildActionMask = 2147483647;
			files = (
				98F1C719BA920A73FF5FD0F8 /* Pods_HelloWorld.framework in Frameworks */,
			);
			runOnlyForDeploymentPostprocessing = 0;
		};
/* End PBXFrameworksBuildPhase section */

/* Begin PBXGroup section */
		6185E06951B2F6C1DFAC289E /* Frameworks */ = {
			isa = PBXGroup;
			children = (
				D5E3867A3E90FE114CFA10F8 /* Pods_HelloWorld.framework */,
			);
			name = Frameworks;
			sourceTree = "<group>";
		};
		CFA67C991DD8EC9E00C9BF96 = {
			isa = PBXGroup;
			children = (
				CFA67CA41DD8EC9F00C9BF96 /* HelloWorld */,
				CFA67CA31DD8EC9F00C9BF96 /* Products */,
				E5939F51EDB3E0607656E912 /* Pods */,
				6185E06951B2F6C1DFAC289E /* Frameworks */,
			);
			sourceTree = "<group>";
		};
		CFA67CA31DD8EC9F00C9BF96 /* Products */ = {
			isa = PBXGroup;
			children = (
				CFA67CA21DD8EC9F00C9BF96 /* HelloWorld.app */,
			);
			name = Products;
			sourceTree = "<group>";
		};
		CFA67CA41DD8EC9F00C9BF96 /* HelloWorld */ = {
			isa = PBXGroup;
			children = (
				CFA67CA51DD8EC9F00C9BF96 /* AppDelegate.swift */,
				CFA67CA71DD8EC9F00C9BF96 /* ViewController.swift */,
				CFA67CA91DD8EC9F00C9BF96 /* Main.storyboard */,
				CFA67CAC1DD8EC9F00C9BF96 /* Assets.xcassets */,
				CFA67CAE1DD8EC9F00C9BF96 /* LaunchScreen.storyboard */,
				CFA67CB11DD8EC9F00C9BF96 /* Info.plist */,
			);
			path = HelloWorld;
			sourceTree = "<group>";
		};
		E5939F51EDB3E0607656E912 /* Pods */ = {
			isa = PBXGroup;
			children = (
				09E3FB0DFB7892217936C470 /* Pods-HelloWorld.debug.xcconfig */,
				515C86F1CDEA140BD8266FB5 /* Pods-HelloWorld.release.xcconfig */,
			);
			name = Pods;
			sourceTree = "<group>";
		};
/* End PBXGroup section */

/* Begin PBXNativeTarget section */
		CFA67CA11DD8EC9E00C9BF96 /* HelloWorld */ = {
			isa = PBXNativeTarget;
			buildConfigurationList = CFA67CB41DD8EC9F00C9BF96 /* Build configuration list for PBXNativeTarget "HelloWorld" */;
			buildPhases = (
				F8B213A3B411661A206DC7BE /* [CP] Check Pods Manifest.lock */,
				CFA67C9E1DD8EC9E00C9BF96 /* Sources */,
				CFA67C9F1DD8EC9E00C9BF96 /* Frameworks */,
				CFA67CA01DD8EC9E00C9BF96 /* Resources */,
				696FB5E2972CD2BB82A05FD5 /* [CP] Embed Pods Frameworks */,
				35DD685A8FBADE2122411178 /* [CP] Copy Pods Resources */,
			);
			buildRules = (
			);
			dependencies = (
			);
			name = HelloWorld;
			productName = HelloWorld;
			productReference = CFA67CA21DD8EC9F00C9BF96 /* HelloWorld.app */;
			productType = "com.apple.product-type.application";
		};
/* End PBXNativeTarget section */

/* Begin PBXProject section */
		CFA67C9A1DD8EC9E00C9BF96 /* Project object */ = {
			isa = PBXProject;
			attributes = {
				LastSwiftUpdateCheck = 0810;
				LastUpgradeCheck = 0810;
				ORGANIZATIONNAME = "Khanh T Pham";
				TargetAttributes = {
					CFA67CA11DD8EC9E00C9BF96 = {
						CreatedOnToolsVersion = 8.1;
						DevelopmentTeam = N5BSAGANVU;
						ProvisioningStyle = Automatic;
					};
				};
			};
			buildConfigurationList = CFA67C9D1DD8EC9E00C9BF96 /* Build configuration list for PBXProject "HelloWorld" */;
			compatibilityVersion = "Xcode 3.2";
			developmentRegion = English;
			hasScannedForEncodings = 0;
			knownRegions = (
				en,
				Base,
			);
			mainGroup = CFA67C991DD8EC9E00C9BF96;
			productRefGroup = CFA67CA31DD8EC9F00C9BF96 /* Products */;
			projectDirPath = "";
			projectRoot = "";
			targets = (
				CFA67CA11DD8EC9E00C9BF96 /* HelloWorld */,
			);
		};
/* End PBXProject section */

/* Begin PBXResourcesBuildPhase section */
		CFA67CA01DD8EC9E00C9BF96 /* Resources */ = {
			isa = PBXResourcesBuildPhase;
			buildActionMask = 2147483647;
			files = (
				CFA67CB01DD8EC9F00C9BF96 /* LaunchScreen.storyboard in Resources */,
				CFA67CAD1DD8EC9F00C9BF96 /* Assets.xcassets in Resources */,
				CFA67CAB1DD8EC9F00C9BF96 /* Main.storyboard in Resources */,
			);
			runOnlyForDeploymentPostprocessing = 0;
		};
/* End PBXResourcesBuildPhase section */

/* Begin PBXShellScriptBuildPhase section */
		35DD685A8FBADE2122411178 /* [CP] Copy Pods Resources */ = {
			isa = PBXShellScriptBuildPhase;
			buildActionMask = 2147483647;
			files = (
			);
			inputPaths = (
			);
			name = "[CP] Copy Pods Resources";
			outputPaths = (
			);
			runOnlyForDeploymentPostprocessing = 0;
			shellPath = /bin/sh;
			shellScript = "\"${SRCROOT}/Pods/Target Support Files/Pods-HelloWorld/Pods-HelloWorld-resources.sh\"\n";
			showEnvVarsInLog = 0;
		};
		696FB5E2972CD2BB82A05FD5 /* [CP] Embed Pods Frameworks */ = {
			isa = PBXShellScriptBuildPhase;
			buildActionMask = 2147483647;
			files = (
			);
			inputPaths = (
			);
			name = "[CP] Embed Pods Frameworks";
			outputPaths = (
			);
			runOnlyForDeploymentPostprocessing = 0;
			shellPath = /bin/sh;
			shellScript = "\"${SRCROOT}/Pods/Target Support Files/Pods-HelloWorld/Pods-HelloWorld-frameworks.sh\"\n";
			showEnvVarsInLog = 0;
		};
		F8B213A3B411661A206DC7BE /* [CP] Check Pods Manifest.lock */ = {
			isa = PBXShellScriptBuildPhase;
			buildActionMask = 2147483647;
			files = (
			);
			inputPaths = (
			);
			name = "[CP] Check Pods Manifest.lock";
			outputPaths = (
			);
			runOnlyForDeploymentPostprocessing = 0;
			shellPath = /bin/sh;
			shellScript = "diff \"${PODS_ROOT}/../Podfile.lock\" \"${PODS_ROOT}/Manifest.lock\" > /dev/null\nif [ $? != 0 ] ; then\n    # print error to STDERR\n    echo \"error: The sandbox is not in sync with the Podfile.lock. Run 'pod install' or update your CocoaPods installation.\" >&2\n    exit 1\nfi\n";
			showEnvVarsInLog = 0;
		};
/* End PBXShellScriptBuildPhase section */

/* Begin PBXSourcesBuildPhase section */
		CFA67C9E1DD8EC9E00C9BF96 /* Sources */ = {
			isa = PBXSourcesBuildPhase;
			buildActionMask = 2147483647;
			files = (
				CFA67CA81DD8EC9F00C9BF96 /* ViewController.swift in Sources */,
				CFA67CA61DD8EC9F00C9BF96 /* AppDelegate.swift in Sources */,
			);
			runOnlyForDeploymentPostprocessing = 0;
		};
/* End PBXSourcesBuildPhase section */

/* Begin PBXVariantGroup section */
		CFA67CA91DD8EC9F00C9BF96 /* Main.storyboard */ = {
			isa = PBXVariantGroup;
			children = (
				CFA67CAA1DD8EC9F00C9BF96 /* Base */,
			);
			name = Main.storyboard;
			sourceTree = "<group>";
		};
		CFA67CAE1DD8EC9F00C9BF96 /* LaunchScreen.storyboard */ = {
			isa = PBXVariantGroup;
			children = (
				CFA67CAF1DD8EC9F00C9BF96 /* Base */,
			);
			name = LaunchScreen.storyboard;
			sourceTree = "<group>";
		};
/* End PBXVariantGroup section */

/* Begin XCBuildConfiguration section */
		CFA67CB21DD8EC9F00C9BF96 /* Debug */ = {
			isa = XCBuildConfiguration;
			buildSettings = {
				ALWAYS_SEARCH_USER_PATHS = NO;
				CLANG_ANALYZER_NONNULL = YES;
				CLANG_CXX_LANGUAGE_STANDARD = "gnu++0x";
				CLANG_CXX_LIBRARY = "libc++";
				CLANG_ENABLE_MODULES = YES;
				CLANG_ENABLE_OBJC_ARC = YES;
				CLANG_WARN_BOOL_CONVERSION = YES;
				CLANG_WARN_CONSTANT_CONVERSION = YES;
				CLANG_WARN_DIRECT_OBJC_ISA_USAGE = YES_ERROR;
				CLANG_WARN_DOCUMENTATION_COMMENTS = YES;
				CLANG_WARN_EMPTY_BODY = YES;
				CLANG_WARN_ENUM_CONVERSION = YES;
				CLANG_WARN_INFINITE_RECURSION = YES;
				CLANG_WARN_INT_CONVERSION = YES;
				CLANG_WARN_OBJC_ROOT_CLASS = YES_ERROR;
				CLANG_WARN_SUSPICIOUS_MOVES = YES;
				CLANG_WARN_UNREACHABLE_CODE = YES;
				CLANG_WARN__DUPLICATE_METHOD_MATCH = YES;
				"CODE_SIGN_IDENTITY[sdk=iphoneos*]" = "iPhone Developer";
				COPY_PHASE_STRIP = NO;
				DEBUG_INFORMATION_FORMAT = dwarf;
				ENABLE_STRICT_OBJC_MSGSEND = YES;
				ENABLE_TESTABILITY = YES;
				GCC_C_LANGUAGE_STANDARD = gnu99;
				GCC_DYNAMIC_NO_PIC = NO;
				GCC_NO_COMMON_BLOCKS = YES;
				GCC_OPTIMIZATION_LEVEL = 0;
				GCC_PREPROCESSOR_DEFINITIONS = (
					"DEBUG=1",
					"$(inherited)",
				);
				GCC_WARN_64_TO_32_BIT_CONVERSION = YES;
				GCC_WARN_ABOUT_RETURN_TYPE = YES_ERROR;
				GCC_WARN_UNDECLARED_SELECTOR = YES;
				GCC_WARN_UNINITIALIZED_AUTOS = YES_AGGRESSIVE;
				GCC_WARN_UNUSED_FUNCTION = YES;
				GCC_WARN_UNUSED_VARIABLE = YES;
				IPHONEOS_DEPLOYMENT_TARGET = 10.1;
				MTL_ENABLE_DEBUG_INFO = YES;
				ONLY_ACTIVE_ARCH = YES;
				SDKROOT = iphoneos;
				SWIFT_ACTIVE_COMPILATION_CONDITIONS = DEBUG;
				SWIFT_OPTIMIZATION_LEVEL = "-Onone";
				TARGETED_DEVICE_FAMILY = "1,2";
			};
			name = Debug;
		};
		CFA67CB31DD8EC9F00C9BF96 /* Release */ = {
			isa = XCBuildConfiguration;
			buildSettings = {
				ALWAYS_SEARCH_USER_PATHS = NO;
				CLANG_ANALYZER_NONNULL = YES;
				CLANG_CXX_LANGUAGE_STANDARD = "gnu++0x";
				CLANG_CXX_LIBRARY = "libc++";
				CLANG_ENABLE_MODULES = YES;
				CLANG_ENABLE_OBJC_ARC = YES;
				CLANG_WARN_BOOL_CONVERSION = YES;
				CLANG_WARN_CONSTANT_CONVERSION = YES;
				CLANG_WARN_DIRECT_OBJC_ISA_USAGE = YES_ERROR;
				CLANG_WARN_DOCUMENTATION_COMMENTS = YES;
				CLANG_WARN_EMPTY_BODY = YES;
				CLANG_WARN_ENUM_CONVERSION = YES;
				CLANG_WARN_INFINITE_RECURSION = YES;
				CLANG_WARN_INT_CONVERSION = YES;
				CLANG_WARN_OBJC_ROOT_CLASS = YES_ERROR;
				CLANG_WARN_SUSPICIOUS_MOVES = YES;
				CLANG_WARN_UNREACHABLE_CODE = YES;
				CLANG_WARN__DUPLICATE_METHOD_MATCH = YES;
				"CODE_SIGN_IDENTITY[sdk=iphoneos*]" = "iPhone Developer";
				COPY_PHASE_STRIP = NO;
				DEBUG_INFORMATION_FORMAT = "dwarf-with-dsym";
				ENABLE_NS_ASSERTIONS = NO;
				ENABLE_STRICT_OBJC_MSGSEND = YES;
				GCC_C_LANGUAGE_STANDARD = gnu99;
				GCC_NO_COMMON_BLOCKS = YES;
				GCC_WARN_64_TO_32_BIT_CONVERSION = YES;
				GCC_WARN_ABOUT_RETURN_TYPE = YES_ERROR;
				GCC_WARN_UNDECLARED_SELECTOR = YES;
				GCC_WARN_UNINITIALIZED_AUTOS = YES_AGGRESSIVE;
				GCC_WARN_UNUSED_FUNCTION = YES;
				GCC_WARN_UNUSED_VARIABLE = YES;
				IPHONEOS_DEPLOYMENT_TARGET = 10.1;
				MTL_ENABLE_DEBUG_INFO = NO;
				SDKROOT = iphoneos;
				SWIFT_OPTIMIZATION_LEVEL = "-Owholemodule";
				TARGETED_DEVICE_FAMILY = "1,2";
				VALIDATE_PRODUCT = YES;
			};
			name = Release;
		};
		CFA67CB51DD8EC9F00C9BF96 /* Debug */ = {
			isa = XCBuildConfiguration;
			baseConfigurationReference = 09E3FB0DFB7892217936C470 /* Pods-HelloWorld.debug.xcconfig */;
			buildSettings = {
				ASSETCATALOG_COMPILER_APPICON_NAME = AppIcon;
				DEVELOPMENT_TEAM = N5BSAGANVU;
				INFOPLIST_FILE = HelloWorld/Info.plist;
				LD_RUNPATH_SEARCH_PATHS = "$(inherited) @executable_path/Frameworks";
				PRODUCT_BUNDLE_IDENTIFIER = edu.harvard.HelloWorld;
				PRODUCT_NAME = "$(TARGET_NAME)";
				SWIFT_VERSION = 3.0;
			};
			name = Debug;
		};
		CFA67CB61DD8EC9F00C9BF96 /* Release */ = {
			isa = XCBuildConfiguration;
			baseConfigurationReference = 515C86F1CDEA140BD8266FB5 /* Pods-HelloWorld.release.xcconfig */;
			buildSettings = {
				ASSETCATALOG_COMPILER_APPICON_NAME = AppIcon;
				DEVELOPMENT_TEAM = N5BSAGANVU;
				INFOPLIST_FILE = HelloWorld/Info.plist;
				LD_RUNPATH_SEARCH_PATHS = "$(inherited) @executable_path/Frameworks";
				PRODUCT_BUNDLE_IDENTIFIER = edu.harvard.HelloWorld;
				PRODUCT_NAME = "$(TARGET_NAME)";
				SWIFT_VERSION = 3.0;
			};
			name = Release;
		};
/* End XCBuildConfiguration section */

/* Begin XCConfigurationList section */
		CFA67C9D1DD8EC9E00C9BF96 /* Build configuration list for PBXProject "HelloWorld" */ = {
			isa = XCConfigurationList;
			buildConfigurations = (
				CFA67CB21DD8EC9F00C9BF96 /* Debug */,
				CFA67CB31DD8EC9F00C9BF96 /* Release */,
			);
			defaultConfigurationIsVisible = 0;
			defaultConfigurationName = Release;
		};
		CFA67CB41DD8EC9F00C9BF96 /* Build configuration list for PBXNativeTarget "HelloWorld" */ = {
			isa = XCConfigurationList;
			buildConfigurations = (
				CFA67CB51DD8EC9F00C9BF96 /* Debug */,
				CFA67CB61DD8EC9F00C9BF96 /* Release */,
			);
			defaultConfigurationIsVisible = 0;
		};
/* End XCConfigurationList section */
	};
	rootObject = CFA67C9A1DD8EC9E00C9BF96 /* Project object */;
}
